{
  "projects": [
    {
      "projectId": "58GpZjZCWTaJ8AUhpCwt2K",
      "version": "3.3.0",
      "dependencies": {},
      "lang": "js",
      "fileLocks": [
        {
          "assetId": "58GpZjZCWTaJ8AUhpCwt2K",
          "type": "projectCss",
          "checksum": "203eab818de16ff03ef7f22934a9c9f1"
        }
      ],
      "codegenVersion": "0.0.1"
    },
    {
      "projectId": "fBQJDH7PU5FGNVtvQedmDg",
      "version": "latest",
      "dependencies": {
        "58GpZjZCWTaJ8AUhpCwt2K": "3.3.0"
      },
      "lang": "js",
      "fileLocks": [
        {
          "type": "globalVariant",
          "assetId": "teWOHrXP1oRco",
          "checksum": "8971b5632af27516d34abc6784caf92c"
        },
        {
          "type": "renderModule",
          "assetId": "NIZi8Hse93sQY",
          "checksum": "00b1fce39f12cd4fa5e8c311c2efb9fa"
        },
        {
          "type": "cssRules",
          "assetId": "NIZi8Hse93sQY",
          "checksum": "00b1fce39f12cd4fa5e8c311c2efb9fa"
        },
        {
          "type": "renderModule",
          "assetId": "nlfm8NUj2v054",
          "checksum": "5eeb2a3e65e659d2e78a87e7eb5dddd1"
        },
        {
          "type": "cssRules",
          "assetId": "nlfm8NUj2v054",
          "checksum": "5eeb2a3e65e659d2e78a87e7eb5dddd1"
        },
        {
          "type": "renderModule",
          "assetId": "-Lfs3sivO2_2k",
          "checksum": "5a87ddf31b00897977c5ea123713cffe"
        },
        {
          "type": "cssRules",
          "assetId": "-Lfs3sivO2_2k",
          "checksum": "5a87ddf31b00897977c5ea123713cffe"
        },
        {
          "type": "renderModule",
          "assetId": "0BMZIJF84xgEq",
          "checksum": "2434d660e7e742f0a829a13563f0cfb0"
        },
        {
          "type": "cssRules",
          "assetId": "0BMZIJF84xgEq",
          "checksum": "2434d660e7e742f0a829a13563f0cfb0"
        },
        {
          "type": "renderModule",
          "assetId": "wQ8nuIXbn5TIi",
          "checksum": "023e34053cebc67721c0165727340f38"
        },
        {
          "type": "cssRules",
          "assetId": "wQ8nuIXbn5TIi",
          "checksum": "023e34053cebc67721c0165727340f38"
        },
        {
          "type": "renderModule",
          "assetId": "qCLGD-QBN4_dX",
          "checksum": "38e90f9531c0ca834f631cbaf43f2c6f"
        },
        {
          "type": "cssRules",
          "assetId": "qCLGD-QBN4_dX",
          "checksum": "38e90f9531c0ca834f631cbaf43f2c6f"
        },
        {
          "type": "renderModule",
          "assetId": "4wLcyqNzLC-ld",
          "checksum": "955363ac58a5e4fdc7955cda8d7b8b3e"
        },
        {
          "type": "cssRules",
          "assetId": "4wLcyqNzLC-ld",
          "checksum": "955363ac58a5e4fdc7955cda8d7b8b3e"
        },
        {
          "type": "icon",
          "assetId": "dNv7dVTnpapxt_",
          "checksum": "8bcde44c1702a7337a3458ddeeef912d"
        },
        {
          "type": "icon",
          "assetId": "2FORTres2zTtkK",
          "checksum": "c5b35dabed1cd9aff7a7ed5e5729ac96"
        },
        {
          "type": "icon",
          "assetId": "EGl89KBr_WWEqw",
          "checksum": "06f1164501f719710c47a4202f0585fe"
        },
        {
          "type": "image",
          "assetId": "XEWIpS_Z3qt_2W",
          "checksum": "896ad4471bfb881ba6701af00d4ea062"
        },
        {
          "type": "image",
          "assetId": "mIKYKYOgYSTOGC",
          "checksum": "ffa49d0fbc7c3eec0cd7feb796593bf0"
        },
        {
          "type": "image",
          "assetId": "N33eUf8Xh",
          "checksum": "758ce99054bfafc93f1e101ee1bf5b70"
        },
        {
          "type": "image",
          "assetId": "ciEAHxKCK",
          "checksum": "d781c08f9e514d47a2a162612df2008e"
        },
        {
          "assetId": "fBQJDH7PU5FGNVtvQedmDg",
          "type": "projectCss",
          "checksum": "878741b0bdf89874dde199c8f9d15a29"
        }
      ],
      "codegenVersion": "0.0.1"
    }
  ],
  "cliVersion": "0.1.186"
}
